// !$*UTF8*$!
{
	archiveVersion = 1;
	classes = {
	};
	objectVersion = 50;
	objects = {

/* Begin PBXBuildFile section */
		B315D635231FF53C009EA653 /* AppDelegate.swift in Sources */ = {isa = PBXBuildFile; fileRef = B315D634231FF53C009EA653 /* AppDelegate.swift */; };
		B315D637231FF53C009EA653 /* ViewController.swift in Sources */ = {isa = PBXBuildFile; fileRef = B315D636231FF53C009EA653 /* ViewController.swift */; };
		B315D63A231FF53C009EA653 /* Main.storyboard in Resources */ = {isa = PBXBuildFile; fileRef = B315D638231FF53C009EA653 /* Main.storyboard */; };
		B315D63C231FF53D009EA653 /* Assets.xcassets in Resources */ = {isa = PBXBuildFile; fileRef = B315D63B231FF53D009EA653 /* Assets.xcassets */; };
		B315D63F231FF53D009EA653 /* LaunchScreen.storyboard in Resources */ = {isa = PBXBuildFile; fileRef = B315D63D231FF53D009EA653 /* LaunchScreen.storyboard */; };
		B315D648231FF552009EA653 /* EnumeratedTable.framework in Frameworks */ = {isa = PBXBuildFile; fileRef = B315D647231FF552009EA653 /* EnumeratedTable.framework */; };
		B315D64E2320067C009EA653 /* ViewController+EnumeratedTable.swift in Sources */ = {isa = PBXBuildFile; fileRef = B315D64D2320067C009EA653 /* ViewController+EnumeratedTable.swift */; };
		B337903C2321FF40007ADA8B /* RichTextTableViewCell.swift in Sources */ = {isa = PBXBuildFile; fileRef = B337903B2321FF40007ADA8B /* RichTextTableViewCell.swift */; };
		B3379040232246F4007ADA8B /* AvatarTableViewCell.swift in Sources */ = {isa = PBXBuildFile; fileRef = B337903F232246F4007ADA8B /* AvatarTableViewCell.swift */; };
/* End PBXBuildFile section */

/* Begin PBXFileReference section */
		B315D631231FF53C009EA653 /* Example.app */ = {isa = PBXFileReference; explicitFileType = wrapper.application; includeInIndex = 0; path = Example.app; sourceTree = BUILT_PRODUCTS_DIR; };
		B315D634231FF53C009EA653 /* AppDelegate.swift */ = {isa = PBXFileReference; lastKnownFileType = sourcecode.swift; path = AppDelegate.swift; sourceTree = "<group>"; };
		B315D636231FF53C009EA653 /* ViewController.swift */ = {isa = PBXFileReference; lastKnownFileType = sourcecode.swift; path = ViewController.swift; sourceTree = "<group>"; };
		B315D639231FF53C009EA653 /* Base */ = {isa = PBXFileReference; lastKnownFileType = file.storyboard; name = Base; path = Base.lproj/Main.storyboard; sourceTree = "<group>"; };
		B315D63B231FF53D009EA653 /* Assets.xcassets */ = {isa = PBXFileReference; lastKnownFileType = folder.assetcatalog; path = Assets.xcassets; sourceTree = "<group>"; };
		B315D63E231FF53D009EA653 /* Base */ = {isa = PBXFileReference; lastKnownFileType = file.storyboard; name = Base; path = Base.lproj/LaunchScreen.storyboard; sourceTree = "<group>"; };
		B315D640231FF53D009EA653 /* Info.plist */ = {isa = PBXFileReference; lastKnownFileType = text.plist.xml; path = Info.plist; sourceTree = "<group>"; };
		B315D647231FF552009EA653 /* EnumeratedTable.framework */ = {isa = PBXFileReference; explicitFileType = wrapper.framework; path = EnumeratedTable.framework; sourceTree = BUILT_PRODUCTS_DIR; };
		B315D64D2320067C009EA653 /* ViewController+EnumeratedTable.swift */ = {isa = PBXFileReference; lastKnownFileType = sourcecode.swift; path = "ViewController+EnumeratedTable.swift"; sourceTree = "<group>"; };
		B337903B2321FF40007ADA8B /* RichTextTableViewCell.swift */ = {isa = PBXFileReference; lastKnownFileType = sourcecode.swift; path = RichTextTableViewCell.swift; sourceTree = "<group>"; };
		B337903F232246F4007ADA8B /* AvatarTableViewCell.swift */ = {isa = PBXFileReference; lastKnownFileType = sourcecode.swift; path = AvatarTableViewCell.swift; sourceTree = "<group>"; };
/* End PBXFileReference section */

/* Begin PBXFrameworksBuildPhase section */
		B315D62E231FF53C009EA653 /* Frameworks */ = {
			isa = PBXFrameworksBuildPhase;
			buildActionMask = 2147483647;
			files = (
				B315D648231FF552009EA653 /* EnumeratedTable.framework in Frameworks */,
			);
			runOnlyForDeploymentPostprocessing = 0;
		};
/* End PBXFrameworksBuildPhase section */

/* Begin PBXGroup section */
		B315D628231FF53C009EA653 = {
			isa = PBXGroup;
			children = (
				B315D633231FF53C009EA653 /* Example */,
				B315D632231FF53C009EA653 /* Products */,
				B315D646231FF552009EA653 /* Frameworks */,
			);
			sourceTree = "<group>";
		};
		B315D632231FF53C009EA653 /* Products */ = {
			isa = PBXGroup;
			children = (
				B315D631231FF53C009EA653 /* Example.app */,
			);
			name = Products;
			sourceTree = "<group>";
		};
		B315D633231FF53C009EA653 /* Example */ = {
			isa = PBXGroup;
			children = (
				B315D634231FF53C009EA653 /* AppDelegate.swift */,
				B315D636231FF53C009EA653 /* ViewController.swift */,
				B315D64D2320067C009EA653 /* ViewController+EnumeratedTable.swift */,
				B337903F232246F4007ADA8B /* AvatarTableViewCell.swift */,
				B337903B2321FF40007ADA8B /* RichTextTableViewCell.swift */,
				B315D638231FF53C009EA653 /* Main.storyboard */,
				B315D63B231FF53D009EA653 /* Assets.xcassets */,
				B315D63D231FF53D009EA653 /* LaunchScreen.storyboard */,
				B315D640231FF53D009EA653 /* Info.plist */,
			);
			path = Example;
			sourceTree = "<group>";
		};
		B315D646231FF552009EA653 /* Frameworks */ = {
			isa = PBXGroup;
			children = (
				B315D647231FF552009EA653 /* EnumeratedTable.framework */,
			);
			name = Frameworks;
			sourceTree = "<group>";
		};
/* End PBXGroup section */

/* Begin PBXNativeTarget section */
		B315D630231FF53C009EA653 /* Example */ = {
			isa = PBXNativeTarget;
			buildConfigurationList = B315D643231FF53D009EA653 /* Build configuration list for PBXNativeTarget "Example" */;
			buildPhases = (
				B315D62D231FF53C009EA653 /* Sources */,
				B315D62E231FF53C009EA653 /* Frameworks */,
				B315D62F231FF53C009EA653 /* Resources */,
			);
			buildRules = (
			);
			dependencies = (
			);
			name = Example;
			productName = Example;
			productReference = B315D631231FF53C009EA653 /* Example.app */;
			productType = "com.apple.product-type.application";
		};
/* End PBXNativeTarget section */

/* Begin PBXProject section */
		B315D629231FF53C009EA653 /* Project object */ = {
			isa = PBXProject;
			attributes = {
				LastSwiftUpdateCheck = 1030;
				LastUpgradeCheck = 1030;
				ORGANIZATIONNAME = imoe;
				TargetAttributes = {
					B315D630231FF53C009EA653 = {
						CreatedOnToolsVersion = 10.3;
					};
				};
			};
			buildConfigurationList = B315D62C231FF53C009EA653 /* Build configuration list for PBXProject "Example" */;
			compatibilityVersion = "Xcode 9.3";
			developmentRegion = en;
			hasScannedForEncodings = 0;
			knownRegions = (
				en,
				Base,
			);
			mainGroup = B315D628231FF53C009EA653;
			productRefGroup = B315D632231FF53C009EA653 /* Products */;
			projectDirPath = "";
			projectRoot = "";
			targets = (
				B315D630231FF53C009EA653 /* Example */,
			);
		};
/* End PBXProject section */

/* Begin PBXResourcesBuildPhase section */
		B315D62F231FF53C009EA653 /* Resources */ = {
			isa = PBXResourcesBuildPhase;
			buildActionMask = 2147483647;
			files = (
				B315D63F231FF53D009EA653 /* LaunchScreen.storyboard in Resources */,
				B315D63C231FF53D009EA653 /* Assets.xcassets in Resources */,
				B315D63A231FF53C009EA653 /* Main.storyboard in Resources */,
			);
			runOnlyForDeploymentPostprocessing = 0;
		};
/* End PBXResourcesBuildPhase section */

/* Begin PBXSourcesBuildPhase section */
		B315D62D231FF53C009EA653 /* Sources */ = {
			isa = PBXSourcesBuildPhase;
			buildActionMask = 2147483647;
			files = (
				B337903C2321FF40007ADA8B /* RichTextTableViewCell.swift in Sources */,
				B315D637231FF53C009EA653 /* ViewController.swift in Sources */,
				B315D64E2320067C009EA653 /* ViewController+EnumeratedTable.swift in Sources */,
				B3379040232246F4007ADA8B /* AvatarTableViewCell.swift in Sources */,
				B315D635231FF53C009EA653 /* AppDelegate.swift in Sources */,
			);
			runOnlyForDeploymentPostprocessing = 0;
		};
/* End PBXSourcesBuildPhase section */

/* Begin PBXVariantGroup section */
		B315D638231FF53C009EA653 /* Main.storyboard */ = {
			isa = PBXVariantGroup;
			children = (
				B315D639231FF53C009EA653 /* Base */,
			);
			name = Main.storyboard;
			sourceTree = "<group>";
		};
		B315D63D231FF53D009EA653 /* LaunchScreen.storyboard */ = {
			isa = PBXVariantGroup;
			children = (
				B315D63E231FF53D009EA653 /* Base */,
			);
			name = LaunchScreen.storyboard;
			sourceTree = "<group>";
		};
/* End PBXVariantGroup section */

/* Begin XCBuildConfiguration section */
		B315D641231FF53D009EA653 /* Debug */ = {
			isa = XCBuildConfiguration;
			buildSettings = {
				ALWAYS_SEARCH_USER_PATHS = NO;
				CLANG_ANALYZER_NONNULL = YES;
				CLANG_ANALYZER_NUMBER_OBJECT_CONVERSION = YES_AGGRESSIVE;
				CLANG_CXX_LANGUAGE_STANDARD = "gnu++14";
				CLANG_CXX_LIBRARY = "libc++";
				CLANG_ENABLE_MODULES = YES;
				CLANG_ENABLE_OBJC_ARC = YES;
				CLANG_ENABLE_OBJC_WEAK = YES;
				CLANG_WARN_BLOCK_CAPTURE_AUTORELEASING = YES;
				CLANG_WARN_BOOL_CONVERSION = YES;
				CLANG_WARN_COMMA = YES;
				CLANG_WARN_CONSTANT_CONVERSION = YES;
				CLANG_WARN_DEPRECATED_OBJC_IMPLEMENTATIONS = YES;
				CLANG_WARN_DIRECT_OBJC_ISA_USAGE = YES_ERROR;
				CLANG_WARN_DOCUMENTATION_COMMENTS = YES;
				CLANG_WARN_EMPTY_BODY = YES;
				CLANG_WARN_ENUM_CONVERSION = YES;
				CLANG_WARN_INFINITE_RECURSION = YES;
				CLANG_WARN_INT_CONVERSION = YES;
				CLANG_WARN_NON_LITERAL_NULL_CONVERSION = YES;
				CLANG_WARN_OBJC_IMPLICIT_RETAIN_SELF = YES;
				CLANG_WARN_OBJC_LITERAL_CONVERSION = YES;
				CLANG_WARN_OBJC_ROOT_CLASS = YES_ERROR;
				CLANG_WARN_RANGE_LOOP_ANALYSIS = YES;
				CLANG_WARN_STRICT_PROTOTYPES = YES;
				CLANG_WARN_SUSPICIOUS_MOVE = YES;
				CLANG_WARN_UNGUARDED_AVAILABILITY = YES_AGGRESSIVE;
				CLANG_WARN_UNREACHABLE_CODE = YES;
				CLANG_WARN__DUPLICATE_METHOD_MATCH = YES;
				CODE_SIGN_IDENTITY = "iPhone Developer";
				COPY_PHASE_STRIP = NO;
				DEBUG_INFORMATION_FORMAT = dwarf;
				ENABLE_STRICT_OBJC_MSGSEND = YES;
				ENABLE_TESTABILITY = YES;
				GCC_C_LANGUAGE_STANDARD = gnu11;
				GCC_DYNAMIC_NO_PIC = NO;
				GCC_NO_COMMON_BLOCKS = YES;
				GCC_OPTIMIZATION_LEVEL = 0;
				GCC_PREPROCESSOR_DEFINITIONS = (
					"DEBUG=1",
					"$(inherited)",
				);
				GCC_WARN_64_TO_32_BIT_CONVERSION = YES;
				GCC_WARN_ABOUT_RETURN_TYPE = YES_ERROR;
				GCC_WARN_UNDECLARED_SELECTOR = YES;
				GCC_WARN_UNINITIALIZED_AUTOS = YES_AGGRESSIVE;
				GCC_WARN_UNUSED_FUNCTION = YES;
				GCC_WARN_UNUSED_VARIABLE = YES;
				IPHONEOS_DEPLOYMENT_TARGET = 9.0;
				MTL_ENABLE_DEBUG_INFO = INCLUDE_SOURCE;
				MTL_FAST_MATH = YES;
				ONLY_ACTIVE_ARCH = YES;
				SDKROOT = iphoneos;
				SWIFT_ACTIVE_COMPILATION_CONDITIONS = DEBUG;
				SWIFT_OPTIMIZATION_LEVEL = "-Onone";
			};
			name = Debug;
		};
		B315D642231FF53D009EA653 /* Release */ = {
			isa = XCBuildConfiguration;
			buildSettings = {
				ALWAYS_SEARCH_USER_PATHS = NO;
				CLANG_ANALYZER_NONNULL = YES;
				CLANG_ANALYZER_NUMBER_OBJECT_CONVERSION = YES_AGGRESSIVE;
				CLANG_CXX_LANGUAGE_STANDARD = "gnu++14";
				CLANG_CXX_LIBRARY = "libc++";
				CLANG_ENABLE_MODULES = YES;
				CLANG_ENABLE_OBJC_ARC = YES;
				CLANG_ENABLE_OBJC_WEAK = YES;
				CLANG_WARN_BLOCK_CAPTURE_AUTORELEASING = YES;
				CLANG_WARN_BOOL_CONVERSION = YES;
				CLANG_WARN_COMMA = YES;
				CLANG_WARN_CONSTANT_CONVERSION = YES;
				CLANG_WARN_DEPRECATED_OBJC_IMPLEMENTATIONS = YES;
				CLANG_WARN_DIRECT_OBJC_ISA_USAGE = YES_ERROR;
				CLANG_WARN_DOCUMENTATION_COMMENTS = YES;
				CLANG_WARN_EMPTY_BODY = YES;
				CLANG_WARN_ENUM_CONVERSION = YES;
				CLANG_WARN_INFINITE_RECURSION = YES;
				CLANG_WARN_INT_CONVERSION = YES;
				CLANG_WARN_NON_LITERAL_NULL_CONVERSION = YES;
				CLANG_WARN_OBJC_IMPLICIT_RETAIN_SELF = YES;
				CLANG_WARN_OBJC_LITERAL_CONVERSION = YES;
				CLANG_WARN_OBJC_ROOT_CLASS = YES_ERROR;
				CLANG_WARN_RANGE_LOOP_ANALYSIS = YES;
				CLANG_WARN_STRICT_PROTOTYPES = YES;
				CLANG_WARN_SUSPICIOUS_MOVE = YES;
				CLANG_WARN_UNGUARDED_AVAILABILITY = YES_AGGRESSIVE;
				CLANG_WARN_UNREACHABLE_CODE = YES;
				CLANG_WARN__DUPLICATE_METHOD_MATCH = YES;
				CODE_SIGN_IDENTITY = "iPhone Developer";
				COPY_PHASE_STRIP = NO;
				DEBUG_INFORMATION_FORMAT = "dwarf-with-dsym";
				ENABLE_NS_ASSERTIONS = NO;
				ENABLE_STRICT_OBJC_MSGSEND = YES;
				GCC_C_LANGUAGE_STANDARD = gnu11;
				GCC_NO_COMMON_BLOCKS = YES;
				GCC_WARN_64_TO_32_BIT_CONVERSION = YES;
				GCC_WARN_ABOUT_RETURN_TYPE = YES_ERROR;
				GCC_WARN_UNDECLARED_SELECTOR = YES;
				GCC_WARN_UNINITIALIZED_AUTOS = YES_AGGRESSIVE;
				GCC_WARN_UNUSED_FUNCTION = YES;
				GCC_WARN_UNUSED_VARIABLE = YES;
				IPHONEOS_DEPLOYMENT_TARGET = 9.0;
				MTL_ENABLE_DEBUG_INFO = NO;
				MTL_FAST_MATH = YES;
				SDKROOT = iphoneos;
				SWIFT_COMPILATION_MODE = wholemodule;
				SWIFT_OPTIMIZATION_LEVEL = "-O";
				VALIDATE_PRODUCT = YES;
			};
			name = Release;
		};
		B315D644231FF53D009EA653 /* Debug */ = {
			isa = XCBuildConfiguration;
			buildSettings = {
				ASSETCATALOG_COMPILER_APPICON_NAME = AppIcon;
				CODE_SIGN_STYLE = Automatic;
				DEVELOPMENT_TEAM = GVYB79VSRG;
				INFOPLIST_FILE = Example/Info.plist;
				LD_RUNPATH_SEARCH_PATHS = (
					"$(inherited)",
					"@executable_path/Frameworks",
				);
				PRODUCT_BUNDLE_IDENTIFIER = com.imoe.EnumeratedTable.Example;
				PRODUCT_NAME = "$(TARGET_NAME)";
				SWIFT_VERSION = 5.0;
				TARGETED_DEVICE_FAMILY = "1,2";
			};
			name = Debug;
		};
		B315D645231FF53D009EA653 /* Release */ = {
			isa = XCBuildConfiguration;
			buildSettings = {
				ASSETCATALOG_COMPILER_APPICON_NAME = AppIcon;
				CODE_SIGN_STYLE = Automatic;
				DEVELOPMENT_TEAM = GVYB79VSRG;
				INFOPLIST_FILE = Example/Info.plist;
				LD_RUNPATH_SEARCH_PATHS = (
					"$(inherited)",
					"@executable_path/Frameworks",
				);
				PRODUCT_BUNDLE_IDENTIFIER = com.imoe.EnumeratedTable.Example;
				PRODUCT_NAME = "$(TARGET_NAME)";
				SWIFT_VERSION = 5.0;
				TARGETED_DEVICE_FAMILY = "1,2";
			};
			name = Release;
		};
/* End XCBuildConfiguration section */

/* Begin XCConfigurationList section */
		B315D62C231FF53C009EA653 /* Build configuration list for PBXProject "Example" */ = {
			isa = XCConfigurationList;
			buildConfigurations = (
				B315D641231FF53D009EA653 /* Debug */,
				B315D642231FF53D009EA653 /* Release */,
			);
			defaultConfigurationIsVisible = 0;
			defaultConfigurationName = Release;
		};
		B315D643231FF53D009EA653 /* Build configuration list for PBXNativeTarget "Example" */ = {
			isa = XCConfigurationList;
			buildConfigurations = (
				B315D644231FF53D009EA653 /* Debug */,
				B315D645231FF53D009EA653 /* Release */,
			);
			defaultConfigurationIsVisible = 0;
			defaultConfigurationName = Release;
		};
/* End XCConfigurationList section */
	};
	rootObject = B315D629231FF53C009EA653 /* Project object */;
}
